
Microsoft Visual Studio Solution File, Format Version 12.00
# Visual Studio 2012
Project("{8BC9CEB8-8B4A-11D0-8D11-00A0C91BC942}") = "SeqList", "SeqList.vcxproj", "{C4B2D010-F1D7-4819-84A8-DFA702EE4EC3}"
EndProject
Global
	GlobalSection(SolutionConfigurationPlatforms) = preSolution
		Debug|Win32 = Debug|Win32
		Release|Win32 = Release|Win32
	EndGlobalSection
	GlobalSection(ProjectConfigurationPlatforms) = postSolution
		{C4B2D010-F1D7-4819-84A8-DFA702EE4EC3}.Debug|Win32.ActiveCfg = Debug|Win32
		{C4B2D010-F1D7-4819-84A8-DFA702EE4EC3}.Debug|Win32.Build.0 = Debug|Win32
		{C4B2D010-F1D7-4819-84A8-DFA702EE4EC3}.Release|Win32.ActiveCfg = Release|Win32
		{C4B2D010-F1D7-4819-84A8-DFA702EE4EC3}.Release|Win32.Build.0 = Release|Win32
	EndGlobalSection
	GlobalSection(SolutionProperties) = preSolution
		HideSolutionNode = FALSE
	EndGlobalSection
EndGlobal
