
Microsoft Visual Studio Solution File, Format Version 12.00
# Visual Studio 2012
Project("{8BC9CEB8-8B4A-11D0-8D11-00A0C91BC942}") = "KnapsackProblem", "KnapsackProblem.vcxproj", "{34F4CB01-965E-44ED-ACB8-40841788BECC}"
EndProject
Global
	GlobalSection(SolutionConfigurationPlatforms) = preSolution
		Debug|Win32 = Debug|Win32
		Release|Win32 = Release|Win32
	EndGlobalSection
	GlobalSection(ProjectConfigurationPlatforms) = postSolution
		{34F4CB01-965E-44ED-ACB8-40841788BECC}.Debug|Win32.ActiveCfg = Debug|Win32
		{34F4CB01-965E-44ED-ACB8-40841788BECC}.Debug|Win32.Build.0 = Debug|Win32
		{34F4CB01-965E-44ED-ACB8-40841788BECC}.Release|Win32.ActiveCfg = Release|Win32
		{34F4CB01-965E-44ED-ACB8-40841788BECC}.Release|Win32.Build.0 = Release|Win32
	EndGlobalSection
	GlobalSection(SolutionProperties) = preSolution
		HideSolutionNode = FALSE
	EndGlobalSection
EndGlobal
