
Microsoft Visual Studio Solution File, Format Version 12.00
# Visual Studio 2012
Project("{8BC9CEB8-8B4A-11D0-8D11-00A0C91BC942}") = "CrossList", "CrossList\CrossList.vcxproj", "{00C5F058-9FD6-4D54-AB57-56587A6A4502}"
EndProject
Global
	GlobalSection(SolutionConfigurationPlatforms) = preSolution
		Debug|Win32 = Debug|Win32
		Release|Win32 = Release|Win32
	EndGlobalSection
	GlobalSection(ProjectConfigurationPlatforms) = postSolution
		{00C5F058-9FD6-4D54-AB57-56587A6A4502}.Debug|Win32.ActiveCfg = Debug|Win32
		{00C5F058-9FD6-4D54-AB57-56587A6A4502}.Debug|Win32.Build.0 = Debug|Win32
		{00C5F058-9FD6-4D54-AB57-56587A6A4502}.Release|Win32.ActiveCfg = Release|Win32
		{00C5F058-9FD6-4D54-AB57-56587A6A4502}.Release|Win32.Build.0 = Release|Win32
	EndGlobalSection
	GlobalSection(SolutionProperties) = preSolution
		HideSolutionNode = FALSE
	EndGlobalSection
EndGlobal
