
Microsoft Visual Studio Solution File, Format Version 12.00
# Visual Studio 2012
Project("{8BC9CEB8-8B4A-11D0-8D11-00A0C91BC942}") = "AdjListUndirGraph", "AdjListUndirGraph\AdjListUndirGraph.vcxproj", "{1FE84B0D-09C4-4578-B790-76963B0F554A}"
EndProject
Global
	GlobalSection(SolutionConfigurationPlatforms) = preSolution
		Debug|Win32 = Debug|Win32
		Release|Win32 = Release|Win32
	EndGlobalSection
	GlobalSection(ProjectConfigurationPlatforms) = postSolution
		{1FE84B0D-09C4-4578-B790-76963B0F554A}.Debug|Win32.ActiveCfg = Debug|Win32
		{1FE84B0D-09C4-4578-B790-76963B0F554A}.Debug|Win32.Build.0 = Debug|Win32
		{1FE84B0D-09C4-4578-B790-76963B0F554A}.Release|Win32.ActiveCfg = Release|Win32
		{1FE84B0D-09C4-4578-B790-76963B0F554A}.Release|Win32.Build.0 = Release|Win32
	EndGlobalSection
	GlobalSection(SolutionProperties) = preSolution
		HideSolutionNode = FALSE
	EndGlobalSection
EndGlobal
