
Microsoft Visual Studio Solution File, Format Version 12.00
# Visual Studio 2012
Project("{8BC9CEB8-8B4A-11D0-8D11-00A0C91BC942}") = "OS_Manage", "OS_Manage.vcxproj", "{56B94956-92B9-4D7B-884B-CD2A178DB04B}"
EndProject
Global
	GlobalSection(SolutionConfigurationPlatforms) = preSolution
		Debug|Win32 = Debug|Win32
		Release|Win32 = Release|Win32
	EndGlobalSection
	GlobalSection(ProjectConfigurationPlatforms) = postSolution
		{56B94956-92B9-4D7B-884B-CD2A178DB04B}.Debug|Win32.ActiveCfg = Debug|Win32
		{56B94956-92B9-4D7B-884B-CD2A178DB04B}.Debug|Win32.Build.0 = Debug|Win32
		{56B94956-92B9-4D7B-884B-CD2A178DB04B}.Release|Win32.ActiveCfg = Release|Win32
		{56B94956-92B9-4D7B-884B-CD2A178DB04B}.Release|Win32.Build.0 = Release|Win32
	EndGlobalSection
	GlobalSection(SolutionProperties) = preSolution
		HideSolutionNode = FALSE
	EndGlobalSection
EndGlobal
